// !$*UTF8*$!
{
	archiveVersion = 1;
	classes = {
	};
	objectVersion = 56;
	objects = {

/* Begin PBXBuildFile section */
		480EDA872AEF55D10007DDDF /* animation_lo1aspnb.json in Resources */ = {isa = PBXBuildFile; fileRef = 480EDA862AEF55D10007DDDF /* animation_lo1aspnb.json */; };
		480EDA892AEF55DD0007DDDF /* toy_biplane_idle.usdz in Resources */ = {isa = PBXBuildFile; fileRef = 480EDA882AEF55DD0007DDDF /* toy_biplane_idle.usdz */; };
		480EDA8B2AEF5A5A0007DDDF /* BottomView.swift in Sources */ = {isa = PBXBuildFile; fileRef = 480EDA8A2AEF5A590007DDDF /* BottomView.swift */; };
		4813682A2AF0CBCF00B03E97 /* AttendanceView.swift in Sources */ = {isa = PBXBuildFile; fileRef = 481368292AF0CBCF00B03E97 /* AttendanceView.swift */; };
		4813682C2AF0D22D00B03E97 /* AttendCellExtension.swift in Sources */ = {isa = PBXBuildFile; fileRef = 4813682B2AF0D22D00B03E97 /* AttendCellExtension.swift */; };
		482639902AF3FB5E00EE547B /* CharacterCollectionViewCell.swift in Sources */ = {isa = PBXBuildFile; fileRef = 4826398F2AF3FB5E00EE547B /* CharacterCollectionViewCell.swift */; };
		483A07172AFC7DEF00009C61 /* PopUpViewController.swift in Sources */ = {isa = PBXBuildFile; fileRef = 483A07162AFC7DEF00009C61 /* PopUpViewController.swift */; };
		484322072AF4D13A005C064C /* CharacterModel.swift in Sources */ = {isa = PBXBuildFile; fileRef = 484322062AF4D13A005C064C /* CharacterModel.swift */; };
		484322092AF4DC37005C064C /* CharacterExtension.swift in Sources */ = {isa = PBXBuildFile; fileRef = 484322082AF4DC37005C064C /* CharacterExtension.swift */; };
		48433B912ACFCDB7007F017D /* Katuri.otf in Resources */ = {isa = PBXBuildFile; fileRef = 48433B902ACFCDB7007F017D /* Katuri.otf */; };
		484F5DE02AF23AC00085CADA /* ScrollExtension.swift in Sources */ = {isa = PBXBuildFile; fileRef = 484F5DDF2AF23AC00085CADA /* ScrollExtension.swift */; };
		4859E6252AE5242F00871CC1 /* Lottie in Frameworks */ = {isa = PBXBuildFile; productRef = 4859E6242AE5242F00871CC1 /* Lottie */; };
		4859E62B2AE5248000871CC1 /* SplashViewController.swift in Sources */ = {isa = PBXBuildFile; fileRef = 4859E62A2AE5248000871CC1 /* SplashViewController.swift */; };
		485A99842ACBFC0500C94740 /* AppDelegate.swift in Sources */ = {isa = PBXBuildFile; fileRef = 485A99832ACBFC0500C94740 /* AppDelegate.swift */; };
		485A99862ACBFC0500C94740 /* ContentView.swift in Sources */ = {isa = PBXBuildFile; fileRef = 485A99852ACBFC0500C94740 /* ContentView.swift */; };
		485A99882ACBFC0600C94740 /* Assets.xcassets in Resources */ = {isa = PBXBuildFile; fileRef = 485A99872ACBFC0600C94740 /* Assets.xcassets */; };
		485A998B2ACBFC0600C94740 /* Preview Assets.xcassets in Resources */ = {isa = PBXBuildFile; fileRef = 485A998A2ACBFC0600C94740 /* Preview Assets.xcassets */; };
		485A99922ACBFC5700C94740 /* MainViewController.swift in Sources */ = {isa = PBXBuildFile; fileRef = 485A99912ACBFC5700C94740 /* MainViewController.swift */; };
		485E54032B01B65300EC5450 /* DataModel.swift in Sources */ = {isa = PBXBuildFile; fileRef = 485E54022B01B65300EC5450 /* DataModel.swift */; };
		485E54052B01B70E00EC5450 /* VoiceAPIHandler.swift in Sources */ = {isa = PBXBuildFile; fileRef = 485E54042B01B70E00EC5450 /* VoiceAPIHandler.swift */; };
		485E54072B01D21D00EC5450 /* Mongmong.mp3 in Resources */ = {isa = PBXBuildFile; fileRef = 485E54062B01D21D00EC5450 /* Mongmong.mp3 */; };
		486AFC042AF3983E005F9803 /* cloudAni.json in Resources */ = {isa = PBXBuildFile; fileRef = 486AFC032AF3983E005F9803 /* cloudAni.json */; };
		486D45912ACC660300D96EB1 /* SecondMainViewController.swift in Sources */ = {isa = PBXBuildFile; fileRef = 486D45902ACC660300D96EB1 /* SecondMainViewController.swift */; };
		486D459A2ACC6CEA00D96EB1 /* MainTabBarController.swift in Sources */ = {isa = PBXBuildFile; fileRef = 486D45992ACC6CEA00D96EB1 /* MainTabBarController.swift */; };
		486D459C2ACC71E400D96EB1 /* Extension.swift in Sources */ = {isa = PBXBuildFile; fileRef = 486D459B2ACC71E400D96EB1 /* Extension.swift */; };
		487007D22ACF5088009C6EC9 /* TopView.swift in Sources */ = {isa = PBXBuildFile; fileRef = 487007D12ACF5088009C6EC9 /* TopView.swift */; };
		487007D82ACF59E9009C6EC9 /* goryeong.otf in Resources */ = {isa = PBXBuildFile; fileRef = 487007D72ACF59E9009C6EC9 /* goryeong.otf */; };
		487CE84F2B00E3D00067C619 /* selectCharacter.wav in Resources */ = {isa = PBXBuildFile; fileRef = 487CE84E2B00E3D00067C619 /* selectCharacter.wav */; };
		487CE8512B00E8EE0067C619 /* Hindung.mp3 in Resources */ = {isa = PBXBuildFile; fileRef = 487CE8502B00E8EE0067C619 /* Hindung.mp3 */; };
		487CE8552B00E8F90067C619 /* Jjijjigi.mp3 in Resources */ = {isa = PBXBuildFile; fileRef = 487CE8542B00E8F90067C619 /* Jjijjigi.mp3 */; };
		487CE8582B0101F50067C619 /* MICButton.swift in Sources */ = {isa = PBXBuildFile; fileRef = 487CE8572B0101F50067C619 /* MICButton.swift */; };
		487CE85B2B01084D0067C619 /* Alamofire in Frameworks */ = {isa = PBXBuildFile; productRef = 487CE85A2B01084D0067C619 /* Alamofire */; };
		487F55852B009D710058124C /* backgroundMusic.mp3 in Resources */ = {isa = PBXBuildFile; fileRef = 487F55842B009D710058124C /* backgroundMusic.mp3 */; };
		487F55872B00AACF0058124C /* propeller.mp3 in Resources */ = {isa = PBXBuildFile; fileRef = 487F55862B00AACF0058124C /* propeller.mp3 */; };
		487F55892B00AB550058124C /* AudioPlayModel.swift in Sources */ = {isa = PBXBuildFile; fileRef = 487F55882B00AB550058124C /* AudioPlayModel.swift */; };
		487F558B2B00B5B10058124C /* PresentMessage.swift in Sources */ = {isa = PBXBuildFile; fileRef = 487F558A2B00B5B10058124C /* PresentMessage.swift */; };
		48AF46582AFCC37800C1F98F /* PopupExtension.swift in Sources */ = {isa = PBXBuildFile; fileRef = 48AF46572AFCC37800C1F98F /* PopupExtension.swift */; };
		48B806C32AEFA45A003AA2C0 /* BottomStackView.swift in Sources */ = {isa = PBXBuildFile; fileRef = 48B806C22AEFA45A003AA2C0 /* BottomStackView.swift */; };
		48BF0B3D2ACF5FDF00565FA5 /* toy_drummer_idle.usdz in Resources */ = {isa = PBXBuildFile; fileRef = 48BF0B3C2ACF5FDF00565FA5 /* toy_drummer_idle.usdz */; };
		48BF0B422ACF684800565FA5 /* DayCollectionViewCell.swift in Sources */ = {isa = PBXBuildFile; fileRef = 48BF0B412ACF684800565FA5 /* DayCollectionViewCell.swift */; };
		48BF0B442ACF6BD100565FA5 /* DayModel.swift in Sources */ = {isa = PBXBuildFile; fileRef = 48BF0B432ACF6BD100565FA5 /* DayModel.swift */; };
		48D7385F2AFCE4DA003F1EFC /* SnapKit in Frameworks */ = {isa = PBXBuildFile; productRef = 48D7385E2AFCE4DA003F1EFC /* SnapKit */; };
/* End PBXBuildFile section */

/* Begin PBXCopyFilesBuildPhase section */
		48D738632AFCE4DF003F1EFC /* Embed Frameworks */ = {
			isa = PBXCopyFilesBuildPhase;
			buildActionMask = 2147483647;
			dstPath = "";
			dstSubfolderSpec = 10;
			files = (
			);
			name = "Embed Frameworks";
			runOnlyForDeploymentPostprocessing = 0;
		};
/* End PBXCopyFilesBuildPhase section */

/* Begin PBXFileReference section */
		480EDA862AEF55D10007DDDF /* animation_lo1aspnb.json */ = {isa = PBXFileReference; fileEncoding = 4; lastKnownFileType = text.json; path = animation_lo1aspnb.json; sourceTree = "<group>"; };
		480EDA882AEF55DD0007DDDF /* toy_biplane_idle.usdz */ = {isa = PBXFileReference; lastKnownFileType = file.usdz; path = toy_biplane_idle.usdz; sourceTree = "<group>"; };
		480EDA8A2AEF5A590007DDDF /* BottomView.swift */ = {isa = PBXFileReference; lastKnownFileType = sourcecode.swift; path = BottomView.swift; sourceTree = "<group>"; };
		481368292AF0CBCF00B03E97 /* AttendanceView.swift */ = {isa = PBXFileReference; lastKnownFileType = sourcecode.swift; path = AttendanceView.swift; sourceTree = "<group>"; };
		4813682B2AF0D22D00B03E97 /* AttendCellExtension.swift */ = {isa = PBXFileReference; lastKnownFileType = sourcecode.swift; path = AttendCellExtension.swift; sourceTree = "<group>"; };
		4826398F2AF3FB5E00EE547B /* CharacterCollectionViewCell.swift */ = {isa = PBXFileReference; lastKnownFileType = sourcecode.swift; path = CharacterCollectionViewCell.swift; sourceTree = "<group>"; };
		483A07162AFC7DEF00009C61 /* PopUpViewController.swift */ = {isa = PBXFileReference; lastKnownFileType = sourcecode.swift; path = PopUpViewController.swift; sourceTree = "<group>"; };
		484322062AF4D13A005C064C /* CharacterModel.swift */ = {isa = PBXFileReference; lastKnownFileType = sourcecode.swift; path = CharacterModel.swift; sourceTree = "<group>"; };
		484322082AF4DC37005C064C /* CharacterExtension.swift */ = {isa = PBXFileReference; lastKnownFileType = sourcecode.swift; path = CharacterExtension.swift; sourceTree = "<group>"; };
		48433B902ACFCDB7007F017D /* Katuri.otf */ = {isa = PBXFileReference; lastKnownFileType = file; path = Katuri.otf; sourceTree = "<group>"; };
		484F5DDF2AF23AC00085CADA /* ScrollExtension.swift */ = {isa = PBXFileReference; lastKnownFileType = sourcecode.swift; path = ScrollExtension.swift; sourceTree = "<group>"; };
		4859E62A2AE5248000871CC1 /* SplashViewController.swift */ = {isa = PBXFileReference; lastKnownFileType = sourcecode.swift; path = SplashViewController.swift; sourceTree = "<group>"; };
		485A99802ACBFC0500C94740 /* AltoYou.app */ = {isa = PBXFileReference; explicitFileType = wrapper.application; includeInIndex = 0; path = AltoYou.app; sourceTree = BUILT_PRODUCTS_DIR; };
		485A99832ACBFC0500C94740 /* AppDelegate.swift */ = {isa = PBXFileReference; lastKnownFileType = sourcecode.swift; path = AppDelegate.swift; sourceTree = "<group>"; };
		485A99852ACBFC0500C94740 /* ContentView.swift */ = {isa = PBXFileReference; lastKnownFileType = sourcecode.swift; path = ContentView.swift; sourceTree = "<group>"; };
		485A99872ACBFC0600C94740 /* Assets.xcassets */ = {isa = PBXFileReference; lastKnownFileType = folder.assetcatalog; path = Assets.xcassets; sourceTree = "<group>"; };
		485A998A2ACBFC0600C94740 /* Preview Assets.xcassets */ = {isa = PBXFileReference; lastKnownFileType = folder.assetcatalog; path = "Preview Assets.xcassets"; sourceTree = "<group>"; };
		485A99912ACBFC5700C94740 /* MainViewController.swift */ = {isa = PBXFileReference; lastKnownFileType = sourcecode.swift; path = MainViewController.swift; sourceTree = "<group>"; };
		485E54022B01B65300EC5450 /* DataModel.swift */ = {isa = PBXFileReference; lastKnownFileType = sourcecode.swift; path = DataModel.swift; sourceTree = "<group>"; };
		485E54042B01B70E00EC5450 /* VoiceAPIHandler.swift */ = {isa = PBXFileReference; lastKnownFileType = sourcecode.swift; path = VoiceAPIHandler.swift; sourceTree = "<group>"; };
		485E54062B01D21D00EC5450 /* Mongmong.mp3 */ = {isa = PBXFileReference; lastKnownFileType = audio.mp3; path = Mongmong.mp3; sourceTree = "<group>"; };
		486AFC032AF3983E005F9803 /* cloudAni.json */ = {isa = PBXFileReference; fileEncoding = 4; lastKnownFileType = text.json; path = cloudAni.json; sourceTree = "<group>"; };
		486D45902ACC660300D96EB1 /* SecondMainViewController.swift */ = {isa = PBXFileReference; lastKnownFileType = sourcecode.swift; path = SecondMainViewController.swift; sourceTree = "<group>"; };
		486D45992ACC6CEA00D96EB1 /* MainTabBarController.swift */ = {isa = PBXFileReference; lastKnownFileType = sourcecode.swift; path = MainTabBarController.swift; sourceTree = "<group>"; };
		486D459B2ACC71E400D96EB1 /* Extension.swift */ = {isa = PBXFileReference; lastKnownFileType = sourcecode.swift; path = Extension.swift; sourceTree = "<group>"; };
		487007D12ACF5088009C6EC9 /* TopView.swift */ = {isa = PBXFileReference; lastKnownFileType = sourcecode.swift; path = TopView.swift; sourceTree = "<group>"; };
		487007D42ACF5735009C6EC9 /* Info.plist */ = {isa = PBXFileReference; lastKnownFileType = text.plist; path = Info.plist; sourceTree = "<group>"; };
		487007D72ACF59E9009C6EC9 /* goryeong.otf */ = {isa = PBXFileReference; lastKnownFileType = file; path = goryeong.otf; sourceTree = "<group>"; };
		487CE84E2B00E3D00067C619 /* selectCharacter.wav */ = {isa = PBXFileReference; lastKnownFileType = audio.wav; path = selectCharacter.wav; sourceTree = "<group>"; };
		487CE8502B00E8EE0067C619 /* Hindung.mp3 */ = {isa = PBXFileReference; lastKnownFileType = audio.mp3; path = Hindung.mp3; sourceTree = "<group>"; };
		487CE8542B00E8F90067C619 /* Jjijjigi.mp3 */ = {isa = PBXFileReference; lastKnownFileType = audio.mp3; path = Jjijjigi.mp3; sourceTree = "<group>"; };
		487CE8572B0101F50067C619 /* MICButton.swift */ = {isa = PBXFileReference; lastKnownFileType = sourcecode.swift; path = MICButton.swift; sourceTree = "<group>"; };
		487F55842B009D710058124C /* backgroundMusic.mp3 */ = {isa = PBXFileReference; lastKnownFileType = audio.mp3; path = backgroundMusic.mp3; sourceTree = "<group>"; };
		487F55862B00AACF0058124C /* propeller.mp3 */ = {isa = PBXFileReference; lastKnownFileType = audio.mp3; path = propeller.mp3; sourceTree = "<group>"; };
		487F55882B00AB550058124C /* AudioPlayModel.swift */ = {isa = PBXFileReference; lastKnownFileType = sourcecode.swift; path = AudioPlayModel.swift; sourceTree = "<group>"; };
		487F558A2B00B5B10058124C /* PresentMessage.swift */ = {isa = PBXFileReference; lastKnownFileType = sourcecode.swift; path = PresentMessage.swift; sourceTree = "<group>"; };
		48AF46572AFCC37800C1F98F /* PopupExtension.swift */ = {isa = PBXFileReference; lastKnownFileType = sourcecode.swift; path = PopupExtension.swift; sourceTree = "<group>"; };
		48B806C22AEFA45A003AA2C0 /* BottomStackView.swift */ = {isa = PBXFileReference; lastKnownFileType = sourcecode.swift; path = BottomStackView.swift; sourceTree = "<group>"; };
		48BF0B3C2ACF5FDF00565FA5 /* toy_drummer_idle.usdz */ = {isa = PBXFileReference; lastKnownFileType = file.usdz; path = toy_drummer_idle.usdz; sourceTree = "<group>"; };
		48BF0B412ACF684800565FA5 /* DayCollectionViewCell.swift */ = {isa = PBXFileReference; lastKnownFileType = sourcecode.swift; path = DayCollectionViewCell.swift; sourceTree = "<group>"; };
		48BF0B432ACF6BD100565FA5 /* DayModel.swift */ = {isa = PBXFileReference; lastKnownFileType = sourcecode.swift; path = DayModel.swift; sourceTree = "<group>"; };
/* End PBXFileReference section */

/* Begin PBXFrameworksBuildPhase section */
		485A997D2ACBFC0500C94740 /* Frameworks */ = {
			isa = PBXFrameworksBuildPhase;
			buildActionMask = 2147483647;
			files = (
				487CE85B2B01084D0067C619 /* Alamofire in Frameworks */,
				4859E6252AE5242F00871CC1 /* Lottie in Frameworks */,
				48D7385F2AFCE4DA003F1EFC /* SnapKit in Frameworks */,
			);
			runOnlyForDeploymentPostprocessing = 0;
		};
/* End PBXFrameworksBuildPhase section */

/* Begin PBXGroup section */
		483A07152AFC7DC400009C61 /* CustomPopUpView */ = {
			isa = PBXGroup;
			children = (
				483A07162AFC7DEF00009C61 /* PopUpViewController.swift */,
				48AF46572AFCC37800C1F98F /* PopupExtension.swift */,
			);
			path = CustomPopUpView;
			sourceTree = "<group>";
		};
		4859E6282AE5245F00871CC1 /* Splash */ = {
			isa = PBXGroup;
			children = (
				480EDA862AEF55D10007DDDF /* animation_lo1aspnb.json */,
				4859E62A2AE5248000871CC1 /* SplashViewController.swift */,
			);
			path = Splash;
			sourceTree = "<group>";
		};
		485A99772ACBFC0500C94740 = {
			isa = PBXGroup;
			children = (
				485A99822ACBFC0500C94740 /* AltoYou */,
				485A99812ACBFC0500C94740 /* Products */,
				48D7385A2AFCE396003F1EFC /* Frameworks */,
			);
			sourceTree = "<group>";
		};
		485A99812ACBFC0500C94740 /* Products */ = {
			isa = PBXGroup;
			children = (
				485A99802ACBFC0500C94740 /* AltoYou.app */,
			);
			name = Products;
			sourceTree = "<group>";
		};
		485A99822ACBFC0500C94740 /* AltoYou */ = {
			isa = PBXGroup;
			children = (
				485E54012B01B63B00EC5450 /* API */,
				487007D42ACF5735009C6EC9 /* Info.plist */,
				487F55832B009D470058124C /* Audio */,
				48BF0B3E2ACF5FE800565FA5 /* Font */,
				483A07152AFC7DC400009C61 /* CustomPopUpView */,
				48BF0B3F2ACF601000565FA5 /* 3D Characters */,
				4865AE6E2ACD74C90085A4C7 /* MainTabBar */,
				486D458F2ACC65C800D96EB1 /* SecondTabView */,
				486D458E2ACC65BA00D96EB1 /* FirstTabView */,
				4859E6282AE5245F00871CC1 /* Splash */,
				487CE8562B0101D70067C619 /* ARView */,
				485A99832ACBFC0500C94740 /* AppDelegate.swift */,
				485A99872ACBFC0600C94740 /* Assets.xcassets */,
				485A99892ACBFC0600C94740 /* Preview Content */,
			);
			path = AltoYou;
			sourceTree = "<group>";
		};
		485A99892ACBFC0600C94740 /* Preview Content */ = {
			isa = PBXGroup;
			children = (
				485A998A2ACBFC0600C94740 /* Preview Assets.xcassets */,
			);
			path = "Preview Content";
			sourceTree = "<group>";
		};
		485E54012B01B63B00EC5450 /* API */ = {
			isa = PBXGroup;
			children = (
				485E54022B01B65300EC5450 /* DataModel.swift */,
				485E54042B01B70E00EC5450 /* VoiceAPIHandler.swift */,
			);
			path = API;
			sourceTree = "<group>";
		};
		4865AE6E2ACD74C90085A4C7 /* MainTabBar */ = {
			isa = PBXGroup;
			children = (
				486D45992ACC6CEA00D96EB1 /* MainTabBarController.swift */,
				486D459B2ACC71E400D96EB1 /* Extension.swift */,
			);
			path = MainTabBar;
			sourceTree = "<group>";
		};
		486D458E2ACC65BA00D96EB1 /* FirstTabView */ = {
			isa = PBXGroup;
			children = (
				485A99912ACBFC5700C94740 /* MainViewController.swift */,
				48B806C42AEFA461003AA2C0 /* Top */,
				48B806C52AEFA46B003AA2C0 /* Bottom */,
			);
			path = FirstTabView;
			sourceTree = "<group>";
		};
		486D458F2ACC65C800D96EB1 /* SecondTabView */ = {
			isa = PBXGroup;
			children = (
				486D45902ACC660300D96EB1 /* SecondMainViewController.swift */,
				4826398F2AF3FB5E00EE547B /* CharacterCollectionViewCell.swift */,
				484322062AF4D13A005C064C /* CharacterModel.swift */,
				484322082AF4DC37005C064C /* CharacterExtension.swift */,
			);
			path = SecondTabView;
			sourceTree = "<group>";
		};
		487CE8562B0101D70067C619 /* ARView */ = {
			isa = PBXGroup;
			children = (
				485A99852ACBFC0500C94740 /* ContentView.swift */,
				487CE8572B0101F50067C619 /* MICButton.swift */,
			);
			path = ARView;
			sourceTree = "<group>";
		};
		487F55832B009D470058124C /* Audio */ = {
			isa = PBXGroup;
			children = (
				487F55842B009D710058124C /* backgroundMusic.mp3 */,
				487CE84E2B00E3D00067C619 /* selectCharacter.wav */,
				487F55862B00AACF0058124C /* propeller.mp3 */,
				485E54062B01D21D00EC5450 /* Mongmong.mp3 */,
				487CE8542B00E8F90067C619 /* Jjijjigi.mp3 */,
				487CE8502B00E8EE0067C619 /* Hindung.mp3 */,
				487F55882B00AB550058124C /* AudioPlayModel.swift */,
			);
			path = Audio;
			sourceTree = "<group>";
		};
		48B806C42AEFA461003AA2C0 /* Top */ = {
			isa = PBXGroup;
			children = (
				486AFC032AF3983E005F9803 /* cloudAni.json */,
				487007D12ACF5088009C6EC9 /* TopView.swift */,
			);
			path = Top;
			sourceTree = "<group>";
		};
		48B806C52AEFA46B003AA2C0 /* Bottom */ = {
			isa = PBXGroup;
			children = (
				480EDA8A2AEF5A590007DDDF /* BottomView.swift */,
				48B806C22AEFA45A003AA2C0 /* BottomStackView.swift */,
				481368292AF0CBCF00B03E97 /* AttendanceView.swift */,
				48BF0B412ACF684800565FA5 /* DayCollectionViewCell.swift */,
				484F5DDF2AF23AC00085CADA /* ScrollExtension.swift */,
				4813682B2AF0D22D00B03E97 /* AttendCellExtension.swift */,
				48BF0B432ACF6BD100565FA5 /* DayModel.swift */,
				487F558A2B00B5B10058124C /* PresentMessage.swift */,
			);
			path = Bottom;
			sourceTree = "<group>";
		};
		48BF0B3E2ACF5FE800565FA5 /* Font */ = {
			isa = PBXGroup;
			children = (
				48433B902ACFCDB7007F017D /* Katuri.otf */,
				487007D72ACF59E9009C6EC9 /* goryeong.otf */,
			);
			path = Font;
			sourceTree = "<group>";
		};
		48BF0B3F2ACF601000565FA5 /* 3D Characters */ = {
			isa = PBXGroup;
			children = (
				48BF0B3C2ACF5FDF00565FA5 /* toy_drummer_idle.usdz */,
				480EDA882AEF55DD0007DDDF /* toy_biplane_idle.usdz */,
			);
			path = "3D Characters";
			sourceTree = "<group>";
		};
		48D7385A2AFCE396003F1EFC /* Frameworks */ = {
			isa = PBXGroup;
			children = (
			);
			name = Frameworks;
			sourceTree = "<group>";
		};
/* End PBXGroup section */

/* Begin PBXNativeTarget section */
		485A997F2ACBFC0500C94740 /* AltoYou */ = {
			isa = PBXNativeTarget;
			buildConfigurationList = 485A998E2ACBFC0600C94740 /* Build configuration list for PBXNativeTarget "AltoYou" */;
			buildPhases = (
				485A997C2ACBFC0500C94740 /* Sources */,
				485A997D2ACBFC0500C94740 /* Frameworks */,
				485A997E2ACBFC0500C94740 /* Resources */,
				48D738632AFCE4DF003F1EFC /* Embed Frameworks */,
			);
			buildRules = (
			);
			dependencies = (
			);
			name = AltoYou;
			packageProductDependencies = (
				4859E6242AE5242F00871CC1 /* Lottie */,
				48D7385E2AFCE4DA003F1EFC /* SnapKit */,
				487CE85A2B01084D0067C619 /* Alamofire */,
			);
			productName = AltoYou;
			productReference = 485A99802ACBFC0500C94740 /* AltoYou.app */;
			productType = "com.apple.product-type.application";
		};
/* End PBXNativeTarget section */

/* Begin PBXProject section */
		485A99782ACBFC0500C94740 /* Project object */ = {
			isa = PBXProject;
			attributes = {
				BuildIndependentTargetsInParallel = 1;
				LastSwiftUpdateCheck = 1500;
				LastUpgradeCheck = 1500;
				TargetAttributes = {
					485A997F2ACBFC0500C94740 = {
						CreatedOnToolsVersion = 15.0;
					};
				};
			};
			buildConfigurationList = 485A997B2ACBFC0500C94740 /* Build configuration list for PBXProject "AltoYou" */;
			compatibilityVersion = "Xcode 14.0";
			developmentRegion = en;
			hasScannedForEncodings = 0;
			knownRegions = (
				en,
				Base,
			);
			mainGroup = 485A99772ACBFC0500C94740;
			packageReferences = (
				4859E6232AE5242F00871CC1 /* XCRemoteSwiftPackageReference "lottie-ios" */,
				48D7385D2AFCE4DA003F1EFC /* XCRemoteSwiftPackageReference "SnapKit" */,
				487CE8592B01084D0067C619 /* XCRemoteSwiftPackageReference "Alamofire" */,
			);
			productRefGroup = 485A99812ACBFC0500C94740 /* Products */;
			projectDirPath = "";
			projectRoot = "";
			targets = (
				485A997F2ACBFC0500C94740 /* AltoYou */,
			);
		};
/* End PBXProject section */

/* Begin PBXResourcesBuildPhase section */
		485A997E2ACBFC0500C94740 /* Resources */ = {
			isa = PBXResourcesBuildPhase;
			buildActionMask = 2147483647;
			files = (
				485E54072B01D21D00EC5450 /* Mongmong.mp3 in Resources */,
				487F55852B009D710058124C /* backgroundMusic.mp3 in Resources */,
				485A998B2ACBFC0600C94740 /* Preview Assets.xcassets in Resources */,
				48BF0B3D2ACF5FDF00565FA5 /* toy_drummer_idle.usdz in Resources */,
				487007D82ACF59E9009C6EC9 /* goryeong.otf in Resources */,
				480EDA892AEF55DD0007DDDF /* toy_biplane_idle.usdz in Resources */,
				487CE8552B00E8F90067C619 /* Jjijjigi.mp3 in Resources */,
				486AFC042AF3983E005F9803 /* cloudAni.json in Resources */,
				487CE8512B00E8EE0067C619 /* Hindung.mp3 in Resources */,
				487CE84F2B00E3D00067C619 /* selectCharacter.wav in Resources */,
				485A99882ACBFC0600C94740 /* Assets.xcassets in Resources */,
				480EDA872AEF55D10007DDDF /* animation_lo1aspnb.json in Resources */,
				487F55872B00AACF0058124C /* propeller.mp3 in Resources */,
				48433B912ACFCDB7007F017D /* Katuri.otf in Resources */,
			);
			runOnlyForDeploymentPostprocessing = 0;
		};
/* End PBXResourcesBuildPhase section */

/* Begin PBXSourcesBuildPhase section */
		485A997C2ACBFC0500C94740 /* Sources */ = {
			isa = PBXSourcesBuildPhase;
			buildActionMask = 2147483647;
			files = (
				482639902AF3FB5E00EE547B /* CharacterCollectionViewCell.swift in Sources */,
				4813682A2AF0CBCF00B03E97 /* AttendanceView.swift in Sources */,
				487007D22ACF5088009C6EC9 /* TopView.swift in Sources */,
				484322092AF4DC37005C064C /* CharacterExtension.swift in Sources */,
				48AF46582AFCC37800C1F98F /* PopupExtension.swift in Sources */,
				485E54032B01B65300EC5450 /* DataModel.swift in Sources */,
				484F5DE02AF23AC00085CADA /* ScrollExtension.swift in Sources */,
				487CE8582B0101F50067C619 /* MICButton.swift in Sources */,
				485A99922ACBFC5700C94740 /* MainViewController.swift in Sources */,
				486D45912ACC660300D96EB1 /* SecondMainViewController.swift in Sources */,
				485E54052B01B70E00EC5450 /* VoiceAPIHandler.swift in Sources */,
				48BF0B442ACF6BD100565FA5 /* DayModel.swift in Sources */,
				480EDA8B2AEF5A5A0007DDDF /* BottomView.swift in Sources */,
				48BF0B422ACF684800565FA5 /* DayCollectionViewCell.swift in Sources */,
				4813682C2AF0D22D00B03E97 /* AttendCellExtension.swift in Sources */,
				486D459A2ACC6CEA00D96EB1 /* MainTabBarController.swift in Sources */,
				486D459C2ACC71E400D96EB1 /* Extension.swift in Sources */,
				485A99862ACBFC0500C94740 /* ContentView.swift in Sources */,
				483A07172AFC7DEF00009C61 /* PopUpViewController.swift in Sources */,
				485A99842ACBFC0500C94740 /* AppDelegate.swift in Sources */,
				487F558B2B00B5B10058124C /* PresentMessage.swift in Sources */,
				48B806C32AEFA45A003AA2C0 /* BottomStackView.swift in Sources */,
				484322072AF4D13A005C064C /* CharacterModel.swift in Sources */,
				4859E62B2AE5248000871CC1 /* SplashViewController.swift in Sources */,
				487F55892B00AB550058124C /* AudioPlayModel.swift in Sources */,
			);
			runOnlyForDeploymentPostprocessing = 0;
		};
/* End PBXSourcesBuildPhase section */

/* Begin XCBuildConfiguration section */
		485A998C2ACBFC0600C94740 /* Debug */ = {
			isa = XCBuildConfiguration;
			buildSettings = {
				ALWAYS_SEARCH_USER_PATHS = NO;
				ASSETCATALOG_COMPILER_GENERATE_SWIFT_ASSET_SYMBOL_EXTENSIONS = YES;
				CLANG_ANALYZER_NONNULL = YES;
				CLANG_ANALYZER_NUMBER_OBJECT_CONVERSION = YES_AGGRESSIVE;
				CLANG_CXX_LANGUAGE_STANDARD = "gnu++20";
				CLANG_ENABLE_MODULES = YES;
				CLANG_ENABLE_OBJC_ARC = YES;
				CLANG_ENABLE_OBJC_WEAK = YES;
				CLANG_WARN_BLOCK_CAPTURE_AUTORELEASING = YES;
				CLANG_WARN_BOOL_CONVERSION = YES;
				CLANG_WARN_COMMA = YES;
				CLANG_WARN_CONSTANT_CONVERSION = YES;
				CLANG_WARN_DEPRECATED_OBJC_IMPLEMENTATIONS = YES;
				CLANG_WARN_DIRECT_OBJC_ISA_USAGE = YES_ERROR;
				CLANG_WARN_DOCUMENTATION_COMMENTS = YES;
				CLANG_WARN_EMPTY_BODY = YES;
				CLANG_WARN_ENUM_CONVERSION = YES;
				CLANG_WARN_INFINITE_RECURSION = YES;
				CLANG_WARN_INT_CONVERSION = YES;
				CLANG_WARN_NON_LITERAL_NULL_CONVERSION = YES;
				CLANG_WARN_OBJC_IMPLICIT_RETAIN_SELF = YES;
				CLANG_WARN_OBJC_LITERAL_CONVERSION = YES;
				CLANG_WARN_OBJC_ROOT_CLASS = YES_ERROR;
				CLANG_WARN_QUOTED_INCLUDE_IN_FRAMEWORK_HEADER = YES;
				CLANG_WARN_RANGE_LOOP_ANALYSIS = YES;
				CLANG_WARN_STRICT_PROTOTYPES = YES;
				CLANG_WARN_SUSPICIOUS_MOVE = YES;
				CLANG_WARN_UNGUARDED_AVAILABILITY = YES_AGGRESSIVE;
				CLANG_WARN_UNREACHABLE_CODE = YES;
				CLANG_WARN__DUPLICATE_METHOD_MATCH = YES;
				COPY_PHASE_STRIP = NO;
				DEBUG_INFORMATION_FORMAT = dwarf;
				ENABLE_STRICT_OBJC_MSGSEND = YES;
				ENABLE_TESTABILITY = YES;
				ENABLE_USER_SCRIPT_SANDBOXING = YES;
				GCC_C_LANGUAGE_STANDARD = gnu17;
				GCC_DYNAMIC_NO_PIC = NO;
				GCC_NO_COMMON_BLOCKS = YES;
				GCC_OPTIMIZATION_LEVEL = 0;
				GCC_PREPROCESSOR_DEFINITIONS = (
					"DEBUG=1",
					"$(inherited)",
				);
				GCC_WARN_64_TO_32_BIT_CONVERSION = YES;
				GCC_WARN_ABOUT_RETURN_TYPE = YES_ERROR;
				GCC_WARN_UNDECLARED_SELECTOR = YES;
				GCC_WARN_UNINITIALIZED_AUTOS = YES_AGGRESSIVE;
				GCC_WARN_UNUSED_FUNCTION = YES;
				GCC_WARN_UNUSED_VARIABLE = YES;
				IPHONEOS_DEPLOYMENT_TARGET = 17.0;
				LOCALIZATION_PREFERS_STRING_CATALOGS = YES;
				MTL_ENABLE_DEBUG_INFO = INCLUDE_SOURCE;
				MTL_FAST_MATH = YES;
				ONLY_ACTIVE_ARCH = YES;
				SDKROOT = iphoneos;
				SWIFT_ACTIVE_COMPILATION_CONDITIONS = "DEBUG $(inherited)";
				SWIFT_OPTIMIZATION_LEVEL = "-Onone";
			};
			name = Debug;
		};
		485A998D2ACBFC0600C94740 /* Release */ = {
			isa = XCBuildConfiguration;
			buildSettings = {
				ALWAYS_SEARCH_USER_PATHS = NO;
				ASSETCATALOG_COMPILER_GENERATE_SWIFT_ASSET_SYMBOL_EXTENSIONS = YES;
				CLANG_ANALYZER_NONNULL = YES;
				CLANG_ANALYZER_NUMBER_OBJECT_CONVERSION = YES_AGGRESSIVE;
				CLANG_CXX_LANGUAGE_STANDARD = "gnu++20";
				CLANG_ENABLE_MODULES = YES;
				CLANG_ENABLE_OBJC_ARC = YES;
				CLANG_ENABLE_OBJC_WEAK = YES;
				CLANG_WARN_BLOCK_CAPTURE_AUTORELEASING = YES;
				CLANG_WARN_BOOL_CONVERSION = YES;
				CLANG_WARN_COMMA = YES;
				CLANG_WARN_CONSTANT_CONVERSION = YES;
				CLANG_WARN_DEPRECATED_OBJC_IMPLEMENTATIONS = YES;
				CLANG_WARN_DIRECT_OBJC_ISA_USAGE = YES_ERROR;
				CLANG_WARN_DOCUMENTATION_COMMENTS = YES;
				CLANG_WARN_EMPTY_BODY = YES;
				CLANG_WARN_ENUM_CONVERSION = YES;
				CLANG_WARN_INFINITE_RECURSION = YES;
				CLANG_WARN_INT_CONVERSION = YES;
				CLANG_WARN_NON_LITERAL_NULL_CONVERSION = YES;
				CLANG_WARN_OBJC_IMPLICIT_RETAIN_SELF = YES;
				CLANG_WARN_OBJC_LITERAL_CONVERSION = YES;
				CLANG_WARN_OBJC_ROOT_CLASS = YES_ERROR;
				CLANG_WARN_QUOTED_INCLUDE_IN_FRAMEWORK_HEADER = YES;
				CLANG_WARN_RANGE_LOOP_ANALYSIS = YES;
				CLANG_WARN_STRICT_PROTOTYPES = YES;
				CLANG_WARN_SUSPICIOUS_MOVE = YES;
				CLANG_WARN_UNGUARDED_AVAILABILITY = YES_AGGRESSIVE;
				CLANG_WARN_UNREACHABLE_CODE = YES;
				CLANG_WARN__DUPLICATE_METHOD_MATCH = YES;
				COPY_PHASE_STRIP = NO;
				DEBUG_INFORMATION_FORMAT = "dwarf-with-dsym";
				ENABLE_NS_ASSERTIONS = NO;
				ENABLE_STRICT_OBJC_MSGSEND = YES;
				ENABLE_USER_SCRIPT_SANDBOXING = YES;
				GCC_C_LANGUAGE_STANDARD = gnu17;
				GCC_NO_COMMON_BLOCKS = YES;
				GCC_WARN_64_TO_32_BIT_CONVERSION = YES;
				GCC_WARN_ABOUT_RETURN_TYPE = YES_ERROR;
				GCC_WARN_UNDECLARED_SELECTOR = YES;
				GCC_WARN_UNINITIALIZED_AUTOS = YES_AGGRESSIVE;
				GCC_WARN_UNUSED_FUNCTION = YES;
				GCC_WARN_UNUSED_VARIABLE = YES;
				IPHONEOS_DEPLOYMENT_TARGET = 17.0;
				LOCALIZATION_PREFERS_STRING_CATALOGS = YES;
				MTL_ENABLE_DEBUG_INFO = NO;
				MTL_FAST_MATH = YES;
				SDKROOT = iphoneos;
				SWIFT_COMPILATION_MODE = wholemodule;
				VALIDATE_PRODUCT = YES;
			};
			name = Release;
		};
		485A998F2ACBFC0600C94740 /* Debug */ = {
			isa = XCBuildConfiguration;
			buildSettings = {
				ASSETCATALOG_COMPILER_APPICON_NAME = AppIcon;
				ASSETCATALOG_COMPILER_GLOBAL_ACCENT_COLOR_NAME = AccentColor;
				CODE_SIGN_STYLE = Automatic;
				CURRENT_PROJECT_VERSION = 1;
				DEVELOPMENT_ASSET_PATHS = "\"AltoYou/Preview Content\"";
				DEVELOPMENT_TEAM = 8B8B4462NV;
				ENABLE_PREVIEWS = YES;
				GENERATE_INFOPLIST_FILE = YES;
				INFOPLIST_FILE = AltoYou/Info.plist;
				INFOPLIST_KEY_NSCameraUsageDescription = "";
				INFOPLIST_KEY_UIApplicationSupportsIndirectInputEvents = YES;
				INFOPLIST_KEY_UILaunchScreen_Generation = YES;
				INFOPLIST_KEY_UIRequiredDeviceCapabilities = arkit;
				INFOPLIST_KEY_UIStatusBarHidden = YES;
				INFOPLIST_KEY_UISupportedInterfaceOrientations = "UIInterfaceOrientationLandscapeLeft UIInterfaceOrientationLandscapeRight UIInterfaceOrientationPortrait";
				INFOPLIST_KEY_UISupportedInterfaceOrientations_iPad = UIInterfaceOrientationLandscapeRight;
				LD_RUNPATH_SEARCH_PATHS = (
					"$(inherited)",
					"@executable_path/Frameworks",
				);
				MARKETING_VERSION = 1.0;
				PRODUCT_BUNDLE_IDENTIFIER = app.education.AltoYou;
				PRODUCT_NAME = "$(TARGET_NAME)";
				SWIFT_EMIT_LOC_STRINGS = YES;
				SWIFT_VERSION = 5.0;
				TARGETED_DEVICE_FAMILY = "1,2";
			};
			name = Debug;
		};
		485A99902ACBFC0600C94740 /* Release */ = {
			isa = XCBuildConfiguration;
			buildSettings = {
				ASSETCATALOG_COMPILER_APPICON_NAME = AppIcon;
				ASSETCATALOG_COMPILER_GLOBAL_ACCENT_COLOR_NAME = AccentColor;
				CODE_SIGN_STYLE = Automatic;
				CURRENT_PROJECT_VERSION = 1;
				DEVELOPMENT_ASSET_PATHS = "\"AltoYou/Preview Content\"";
				DEVELOPMENT_TEAM = 8B8B4462NV;
				ENABLE_PREVIEWS = YES;
				GENERATE_INFOPLIST_FILE = YES;
				INFOPLIST_FILE = AltoYou/Info.plist;
				INFOPLIST_KEY_NSCameraUsageDescription = "";
				INFOPLIST_KEY_UIApplicationSupportsIndirectInputEvents = YES;
				INFOPLIST_KEY_UILaunchScreen_Generation = YES;
				INFOPLIST_KEY_UIRequiredDeviceCapabilities = arkit;
				INFOPLIST_KEY_UIStatusBarHidden = YES;
				INFOPLIST_KEY_UISupportedInterfaceOrientations = "UIInterfaceOrientationLandscapeLeft UIInterfaceOrientationLandscapeRight UIInterfaceOrientationPortrait";
				INFOPLIST_KEY_UISupportedInterfaceOrientations_iPad = UIInterfaceOrientationLandscapeRight;
				LD_RUNPATH_SEARCH_PATHS = (
					"$(inherited)",
					"@executable_path/Frameworks",
				);
				MARKETING_VERSION = 1.0;
				PRODUCT_BUNDLE_IDENTIFIER = app.education.AltoYou;
				PRODUCT_NAME = "$(TARGET_NAME)";
				SWIFT_EMIT_LOC_STRINGS = YES;
				SWIFT_VERSION = 5.0;
				TARGETED_DEVICE_FAMILY = "1,2";
			};
			name = Release;
		};
/* End XCBuildConfiguration section */

/* Begin XCConfigurationList section */
		485A997B2ACBFC0500C94740 /* Build configuration list for PBXProject "AltoYou" */ = {
			isa = XCConfigurationList;
			buildConfigurations = (
				485A998C2ACBFC0600C94740 /* Debug */,
				485A998D2ACBFC0600C94740 /* Release */,
			);
			defaultConfigurationIsVisible = 0;
			defaultConfigurationName = Release;
		};
		485A998E2ACBFC0600C94740 /* Build configuration list for PBXNativeTarget "AltoYou" */ = {
			isa = XCConfigurationList;
			buildConfigurations = (
				485A998F2ACBFC0600C94740 /* Debug */,
				485A99902ACBFC0600C94740 /* Release */,
			);
			defaultConfigurationIsVisible = 0;
			defaultConfigurationName = Release;
		};
/* End XCConfigurationList section */

/* Begin XCRemoteSwiftPackageReference section */
		4859E6232AE5242F00871CC1 /* XCRemoteSwiftPackageReference "lottie-ios" */ = {
			isa = XCRemoteSwiftPackageReference;
			repositoryURL = "https://github.com/airbnb/lottie-ios";
			requirement = {
				kind = upToNextMajorVersion;
				minimumVersion = 4.3.3;
			};
		};
		487CE8592B01084D0067C619 /* XCRemoteSwiftPackageReference "Alamofire" */ = {
			isa = XCRemoteSwiftPackageReference;
			repositoryURL = "https://github.com/Alamofire/Alamofire";
			requirement = {
				kind = upToNextMajorVersion;
				minimumVersion = 5.8.1;
			};
		};
		48D7385D2AFCE4DA003F1EFC /* XCRemoteSwiftPackageReference "SnapKit" */ = {
			isa = XCRemoteSwiftPackageReference;
			repositoryURL = "https://github.com/SnapKit/SnapKit";
			requirement = {
				kind = upToNextMajorVersion;
				minimumVersion = 5.6.0;
			};
		};
/* End XCRemoteSwiftPackageReference section */

/* Begin XCSwiftPackageProductDependency section */
		4859E6242AE5242F00871CC1 /* Lottie */ = {
			isa = XCSwiftPackageProductDependency;
			package = 4859E6232AE5242F00871CC1 /* XCRemoteSwiftPackageReference "lottie-ios" */;
			productName = Lottie;
		};
		487CE85A2B01084D0067C619 /* Alamofire */ = {
			isa = XCSwiftPackageProductDependency;
			package = 487CE8592B01084D0067C619 /* XCRemoteSwiftPackageReference "Alamofire" */;
			productName = Alamofire;
		};
		48D7385E2AFCE4DA003F1EFC /* SnapKit */ = {
			isa = XCSwiftPackageProductDependency;
			package = 48D7385D2AFCE4DA003F1EFC /* XCRemoteSwiftPackageReference "SnapKit" */;
			productName = SnapKit;
		};
/* End XCSwiftPackageProductDependency section */
	};
	rootObject = 485A99782ACBFC0500C94740 /* Project object */;
}
